<?xml version="1.0" encoding="utf-8"?>
<Project ToolsVersion="4.0" xmlns="http://schemas.microsoft.com/developer/msbuild/2003">
  <ItemGroup>
    <Filter Include="imgui">
      <UniqueIdentifier>{0587d7a3-f2ce-4d56-b84f-a0005d3bfce6}</UniqueIdentifier>
    </Filter>
    <Filter Include="sources">
      <UniqueIdentifier>{08e36723-ce4f-4cff-9662-c40801cf1acf}</UniqueIdentifier>
    </Filter>
    <Filter Include="sources\profile">
      <UniqueIdentifier>{7ae0ae46-e470-43d6-8fe4-b7a63eea9908}</UniqueIdentifier>
    </Filter>
    <Filter Include="sources\gui">
      <UniqueIdentifier>{951d540a-b81e-47c3-880d-9f84a9f7d0d9}</UniqueIdentifier>
    </Filter>
    <Filter Include="imgui\pandora imgui">
      <UniqueIdentifier>{c8b42d3e-5c5c-416c-8dd4-6c246aa8d86f}</UniqueIdentifier>
    </Filter>
    <Filter Include="imgui\pandora imgui\custom">
      <UniqueIdentifier>{db269669-b28c-480c-8c18-d38edda56ae5}</UniqueIdentifier>
    </Filter>
    <Filter Include="imgui\pandora imgui\class">
      <UniqueIdentifier>{ec38f505-9b14-4539-a3c0-f3097b487964}</UniqueIdentifier>
    </Filter>
    <Filter Include="imgui\pandora imgui\utils">
      <UniqueIdentifier>{d8559f55-8b02-423c-930a-81af289346ba}</UniqueIdentifier>
    </Filter>
    <Filter Include="imgui\pandora imgui\manager">
      <UniqueIdentifier>{9a304c36-e2fa-40cc-8175-76b1c9582cd7}</UniqueIdentifier>
    </Filter>
    <Filter Include="imgui\pandora imgui\pages">
      <UniqueIdentifier>{a1b2c3d4-e5f6-7890-abcd-ef1234567890}</UniqueIdentifier>
    </Filter>
    <Filter Include="shaders">
      <UniqueIdentifier>{388b31c7-80de-4a58-920f-13a924fd3658}</UniqueIdentifier>
    </Filter>
    <Filter Include="resources">
      <UniqueIdentifier>{6ef51137-5951-4a9b-abe8-e87761c8f4f4}</UniqueIdentifier>
    </Filter>
  </ItemGroup>
  <ItemGroup>
    <ClInclude Include="DX11Util.h">
      <Filter>imgui\pandora imgui\utils</Filter>
    </ClInclude>
    <ClInclude Include="EasingAnimationSystem.h">
      <Filter>imgui\pandora imgui\utils</Filter>
    </ClInclude>
    <ClInclude Include="Images.h">
      <Filter>resources</Filter>
    </ClInclude>
    <ClInclude Include="ImageUtil.h">
      <Filter>imgui\pandora imgui\utils</Filter>
    </ClInclude>
    <ClInclude Include="Utils\MathUtil.h">
      <Filter>imgui\pandora imgui\utils</Filter>
    </ClInclude>
    <ClInclude Include="imgui_utils.h">
      <Filter>imgui\pandora imgui\utils</Filter>
    </ClInclude>
    <ClInclude Include="DropFile.hpp">
      <Filter>imgui\pandora imgui\class</Filter>
    </ClInclude>
    <ClInclude Include="Manager\DropManager.hpp">
      <Filter>imgui\pandora imgui\manager</Filter>
    </ClInclude>
    <ClInclude Include="Utils\WindowUtil.h">
      <Filter>imgui\pandora imgui\utils</Filter>
    </ClInclude>
    <ClInclude Include="CallBackManager.h">
      <Filter>imgui\pandora imgui\manager</Filter>
    </ClInclude>
    <ClInclude Include="GuiMain.h">
      <Filter>sources\gui</Filter>
    </ClInclude>
    <ClInclude Include="InitializingPage.h">
      <Filter>imgui\pandora imgui\pages</Filter>
    </ClInclude>
    <ClInclude Include="..\imconfig.h">
      <Filter>imgui</Filter>
    </ClInclude>
    <ClInclude Include="..\imgui.h">
      <Filter>imgui</Filter>
    </ClInclude>
    <ClInclude Include="..\imgui_internal.h">
      <Filter>imgui</Filter>
    </ClInclude>
    <ClInclude Include="..\imgui_settings.h">
      <Filter>imgui</Filter>
    </ClInclude>
    <ClInclude Include="..\imstb_rectpack.h">
      <Filter>imgui</Filter>
    </ClInclude>
    <ClInclude Include="..\imstb_textedit.h">
      <Filter>imgui</Filter>
    </ClInclude>
    <ClInclude Include="..\imstb_truetype.h">
      <Filter>imgui</Filter>
    </ClInclude>
    <ClInclude Include="..\backends\imgui_impl_dx11.h">
      <Filter>imgui</Filter>
    </ClInclude>
    <ClInclude Include="..\backends\imgui_impl_win32.h">
      <Filter>imgui</Filter>
    </ClInclude>
    <ClInclude Include="..\backends\pimgui.h">
      <Filter>imgui\pandora imgui</Filter>
    </ClInclude>
    <ClInclude Include="LottieAnimator.h">
      <Filter>imgui\pandora imgui\class</Filter>
    </ClInclude>
    <ClInclude Include="SVGCacheManager.hpp">
      <Filter>imgui\pandora imgui\manager</Filter>
    </ClInclude>
    <ClInclude Include="TimeHelper.hpp">
      <Filter>imgui\pandora imgui\utils</Filter>
    </ClInclude>
    <ClInclude Include="Shaders.h">
      <Filter>resources</Filter>
    </ClInclude>
    <ClInclude Include="Profile\Profile.h" />
    <ClInclude Include="MainPage.h">
      <Filter>sources\gui</Filter>
    </ClInclude>
  </ItemGroup>
  <ItemGroup>
    <ClCompile Include="main.cpp">
      <Filter>sources</Filter>
    </ClCompile>
    <ClCompile Include="DX11Util.cpp">
      <Filter>imgui\pandora imgui\utils</Filter>
    </ClCompile>
    <ClCompile Include="ImageUtil.cpp">
      <Filter>imgui\pandora imgui\utils</Filter>
    </ClCompile>
    <ClCompile Include="Utils\MathUtil.cpp">
      <Filter>imgui\pandora imgui\utils</Filter>
    </ClCompile>
    <ClCompile Include="imgui_utils.cpp">
      <Filter>imgui\pandora imgui\utils</Filter>
    </ClCompile>
    <ClCompile Include="Utils\WindowUtil.cpp">
      <Filter>imgui\pandora imgui\utils</Filter>
    </ClCompile>
    <ClCompile Include="CallBackManager.cpp">
      <Filter>imgui\pandora imgui\manager</Filter>
    </ClCompile>
    <ClCompile Include="GuiMain.cpp">
      <Filter>sources\gui</Filter>
    </ClCompile>
    <ClCompile Include="Profile\Profile.cpp">
      <Filter>sources\profile</Filter>
    </ClCompile>
    <ClCompile Include="..\imgui.cpp">
      <Filter>imgui</Filter>
    </ClCompile>
    <ClCompile Include="..\imgui_demo.cpp">
      <Filter>imgui</Filter>
    </ClCompile>
    <ClCompile Include="..\imgui_draw.cpp">
      <Filter>imgui</Filter>
    </ClCompile>
    <ClCompile Include="..\imgui_tables.cpp">
      <Filter>imgui</Filter>
    </ClCompile>
    <ClCompile Include="..\imgui_widgets.cpp">
      <Filter>imgui</Filter>
    </ClCompile>
    <ClCompile Include="..\backends\imgui_impl_dx11.cpp">
      <Filter>imgui</Filter>
    </ClCompile>
    <ClCompile Include="..\backends\imgui_impl_win32.cpp">
      <Filter>imgui</Filter>
    </ClCompile>
    <ClCompile Include="..\backends\pimgui.cpp">
      <Filter>imgui\pandora imgui</Filter>
    </ClCompile>
    <ClCompile Include="custom_widgets.cpp">
      <Filter>imgui\pandora imgui\custom</Filter>
    </ClCompile>
    <ClCompile Include="LottieAnimator.cpp">
      <Filter>imgui\pandora imgui\class</Filter>
    </ClCompile>
    <ClCompile Include="InitializingPage.cpp">
      <Filter>imgui\pandora imgui\pages</Filter>
    </ClCompile>
    <ClCompile Include="MainPage.cpp">
      <Filter>sources\gui</Filter>
    </ClCompile>
  </ItemGroup>
  <ItemGroup>
    <None Include="..\README.txt" />
    <None Include="cpp.hint" />
    <None Include="PsShader.cso">
      <Filter>shaders</Filter>
    </None>
    <None Include="VsShader.cso">
      <Filter>shaders</Filter>
    </None>
  </ItemGroup>
  <ItemGroup>
    <FxCompile Include="testShaders\PsShader.hlsl">
      <Filter>shaders</Filter>
    </FxCompile>
    <FxCompile Include="testShaders\VsShader.hlsl">
      <Filter>shaders</Filter>
    </FxCompile>
  </ItemGroup>
</Project>